
Microsoft Visual Studio Solution File, Format Version 12.00
# Visual Studio Version 17
VisualStudioVersion = 17.6.33815.320
MinimumVisualStudioVersion = 10.0.40219.1
Project("{FAE04EC0-301F-11D3-BF4B-00C04F79EFBC}") = "APIWithKeys", "APIWithKeys\APIWithKeys.csproj", "{099E8A86-3FEF-48C3-87B1-E6C237981715}"
EndProject
Global
	GlobalSection(SolutionConfigurationPlatforms) = preSolution
		Debug|Any CPU = Debug|Any CPU
		Release|Any CPU = Release|Any CPU
	EndGlobalSection
	GlobalSection(ProjectConfigurationPlatforms) = postSolution
		{099E8A86-3FEF-48C3-87B1-E6C237981715}.Debug|Any CPU.ActiveCfg = Debug|Any CPU
		{099E8A86-3FEF-48C3-87B1-E6C237981715}.Debug|Any CPU.Build.0 = Debug|Any CPU
		{099E8A86-3FEF-48C3-87B1-E6C237981715}.Release|Any CPU.ActiveCfg = Release|Any CPU
		{099E8A86-3FEF-48C3-87B1-E6C237981715}.Release|Any CPU.Build.0 = Release|Any CPU
	EndGlobalSection
	GlobalSection(SolutionProperties) = preSolution
		HideSolutionNode = FALSE
	EndGlobalSection
	GlobalSection(ExtensibilityGlobals) = postSolution
		SolutionGuid = {BCD7387D-3258-4C90-A0EC-4CEE1BA8FD74}
	EndGlobalSection
EndGlobal
